// !$*UTF8*$!
{
	archiveVersion = 1;
	classes = {
	};
	objectVersion = 48;
	objects = {

/* Begin PBXBuildFile section */
		41EB502E8A02A8FA5E80071A /* Pods_Snapit.framework in Frameworks */ = {isa = PBXBuildFile; fileRef = 237431BFF2BB27F31A3B3EE3 /* Pods_Snapit.framework */; };
		8F09D1832050D6C000D5384B /* ViewSnapViewController.swift in Sources */ = {isa = PBXBuildFile; fileRef = 8F09D1822050D6C000D5384B /* ViewSnapViewController.swift */; };
		8F2452C6202D11B200001552 /* AppDelegate.swift in Sources */ = {isa = PBXBuildFile; fileRef = 8F2452C5202D11B200001552 /* AppDelegate.swift */; };
		8F2452C8202D11B200001552 /* SignViewController.swift in Sources */ = {isa = PBXBuildFile; fileRef = 8F2452C7202D11B200001552 /* SignViewController.swift */; };
		8F2452CB202D11B200001552 /* Main.storyboard in Resources */ = {isa = PBXBuildFile; fileRef = 8F2452C9202D11B200001552 /* Main.storyboard */; };
		8F2452CD202D11B200001552 /* Assets.xcassets in Resources */ = {isa = PBXBuildFile; fileRef = 8F2452CC202D11B200001552 /* Assets.xcassets */; };
		8F2452D0202D11B200001552 /* LaunchScreen.storyboard in Resources */ = {isa = PBXBuildFile; fileRef = 8F2452CE202D11B200001552 /* LaunchScreen.storyboard */; };
		8F2452D8202D160800001552 /* GoogleService-Info.plist in Resources */ = {isa = PBXBuildFile; fileRef = 8F2452D7202D160800001552 /* GoogleService-Info.plist */; };
		8F2452DA202D270A00001552 /* SnapsViewController.swift in Sources */ = {isa = PBXBuildFile; fileRef = 8F2452D9202D270A00001552 /* SnapsViewController.swift */; };
		8F3DA5A62030FD670007EA65 /* PictureViewController.swift in Sources */ = {isa = PBXBuildFile; fileRef = 8F3DA5A52030FD670007EA65 /* PictureViewController.swift */; };
		8F3DA5A8203110890007EA65 /* SelectUserViewController.swift in Sources */ = {isa = PBXBuildFile; fileRef = 8F3DA5A7203110890007EA65 /* SelectUserViewController.swift */; };
		8FCBCA142040EB9900C09D50 /* User.swift in Sources */ = {isa = PBXBuildFile; fileRef = 8FCBCA132040EB9900C09D50 /* User.swift */; };
		8FECB2322044E42000D9795F /* Snap.swift in Sources */ = {isa = PBXBuildFile; fileRef = 8FECB2312044E41F00D9795F /* Snap.swift */; };
/* End PBXBuildFile section */

/* Begin PBXFileReference section */
		237431BFF2BB27F31A3B3EE3 /* Pods_Snapit.framework */ = {isa = PBXFileReference; explicitFileType = wrapper.framework; includeInIndex = 0; path = Pods_Snapit.framework; sourceTree = BUILT_PRODUCTS_DIR; };
		6A173A91322CAE124675EF3F /* Pods-Snapit.debug.xcconfig */ = {isa = PBXFileReference; includeInIndex = 1; lastKnownFileType = text.xcconfig; name = "Pods-Snapit.debug.xcconfig"; path = "Pods/Target Support Files/Pods-Snapit/Pods-Snapit.debug.xcconfig"; sourceTree = "<group>"; };
		8F09D1822050D6C000D5384B /* ViewSnapViewController.swift */ = {isa = PBXFileReference; lastKnownFileType = sourcecode.swift; path = ViewSnapViewController.swift; sourceTree = "<group>"; };
		8F2452C2202D11B100001552 /* Snapit.app */ = {isa = PBXFileReference; explicitFileType = wrapper.application; includeInIndex = 0; path = Snapit.app; sourceTree = BUILT_PRODUCTS_DIR; };
		8F2452C5202D11B200001552 /* AppDelegate.swift */ = {isa = PBXFileReference; lastKnownFileType = sourcecode.swift; path = AppDelegate.swift; sourceTree = "<group>"; };
		8F2452C7202D11B200001552 /* SignViewController.swift */ = {isa = PBXFileReference; lastKnownFileType = sourcecode.swift; path = SignViewController.swift; sourceTree = "<group>"; };
		8F2452CA202D11B200001552 /* Base */ = {isa = PBXFileReference; lastKnownFileType = file.storyboard; name = Base; path = Base.lproj/Main.storyboard; sourceTree = "<group>"; };
		8F2452CC202D11B200001552 /* Assets.xcassets */ = {isa = PBXFileReference; lastKnownFileType = folder.assetcatalog; path = Assets.xcassets; sourceTree = "<group>"; };
		8F2452CF202D11B200001552 /* Base */ = {isa = PBXFileReference; lastKnownFileType = file.storyboard; name = Base; path = Base.lproj/LaunchScreen.storyboard; sourceTree = "<group>"; };
		8F2452D1202D11B200001552 /* Info.plist */ = {isa = PBXFileReference; lastKnownFileType = text.plist.xml; path = Info.plist; sourceTree = "<group>"; };
		8F2452D7202D160800001552 /* GoogleService-Info.plist */ = {isa = PBXFileReference; fileEncoding = 4; lastKnownFileType = text.plist.xml; path = "GoogleService-Info.plist"; sourceTree = SOURCE_ROOT; };
		8F2452D9202D270A00001552 /* SnapsViewController.swift */ = {isa = PBXFileReference; lastKnownFileType = sourcecode.swift; path = SnapsViewController.swift; sourceTree = "<group>"; };
		8F3DA5A52030FD670007EA65 /* PictureViewController.swift */ = {isa = PBXFileReference; lastKnownFileType = sourcecode.swift; path = PictureViewController.swift; sourceTree = "<group>"; };
		8F3DA5A7203110890007EA65 /* SelectUserViewController.swift */ = {isa = PBXFileReference; lastKnownFileType = sourcecode.swift; path = SelectUserViewController.swift; sourceTree = "<group>"; };
		8FCBCA132040EB9900C09D50 /* User.swift */ = {isa = PBXFileReference; lastKnownFileType = sourcecode.swift; path = User.swift; sourceTree = "<group>"; };
		8FECB2312044E41F00D9795F /* Snap.swift */ = {isa = PBXFileReference; lastKnownFileType = sourcecode.swift; path = Snap.swift; sourceTree = "<group>"; };
		EBDA8863C66C5B6F494BA508 /* Pods-Snapit.release.xcconfig */ = {isa = PBXFileReference; includeInIndex = 1; lastKnownFileType = text.xcconfig; name = "Pods-Snapit.release.xcconfig"; path = "Pods/Target Support Files/Pods-Snapit/Pods-Snapit.release.xcconfig"; sourceTree = "<group>"; };
/* End PBXFileReference section */

/* Begin PBXFrameworksBuildPhase section */
		8F2452BF202D11B100001552 /* Frameworks */ = {
			isa = PBXFrameworksBuildPhase;
			buildActionMask = 2147483647;
			files = (
				41EB502E8A02A8FA5E80071A /* Pods_Snapit.framework in Frameworks */,
			);
			runOnlyForDeploymentPostprocessing = 0;
		};
/* End PBXFrameworksBuildPhase section */

/* Begin PBXGroup section */
		8F2452B9202D11B100001552 = {
			isa = PBXGroup;
			children = (
				8F2452C4202D11B100001552 /* Snapit */,
				8F2452C3202D11B100001552 /* Products */,
				BAA26567B7D6A39A1B1FB3CD /* Pods */,
				C03296FF793FA63FA22019A1 /* Frameworks */,
			);
			sourceTree = "<group>";
		};
		8F2452C3202D11B100001552 /* Products */ = {
			isa = PBXGroup;
			children = (
				8F2452C2202D11B100001552 /* Snapit.app */,
			);
			name = Products;
			sourceTree = "<group>";
		};
		8F2452C4202D11B100001552 /* Snapit */ = {
			isa = PBXGroup;
			children = (
				8FCBCA152040EBCB00C09D50 /* viewControllers */,
				8FCBCA162040EBE700C09D50 /* models */,
				8F2452C5202D11B200001552 /* AppDelegate.swift */,
				8F2452C9202D11B200001552 /* Main.storyboard */,
				8F2452CC202D11B200001552 /* Assets.xcassets */,
				8F2452CE202D11B200001552 /* LaunchScreen.storyboard */,
				8F2452D7202D160800001552 /* GoogleService-Info.plist */,
				8F2452D1202D11B200001552 /* Info.plist */,
			);
			path = Snapit;
			sourceTree = "<group>";
		};
		8FCBCA152040EBCB00C09D50 /* viewControllers */ = {
			isa = PBXGroup;
			children = (
				8F2452C7202D11B200001552 /* SignViewController.swift */,
				8F3DA5A7203110890007EA65 /* SelectUserViewController.swift */,
				8F3DA5A52030FD670007EA65 /* PictureViewController.swift */,
				8F2452D9202D270A00001552 /* SnapsViewController.swift */,
				8F09D1822050D6C000D5384B /* ViewSnapViewController.swift */,
			);
			path = viewControllers;
			sourceTree = "<group>";
		};
		8FCBCA162040EBE700C09D50 /* models */ = {
			isa = PBXGroup;
			children = (
				8FCBCA132040EB9900C09D50 /* User.swift */,
				8FECB2312044E41F00D9795F /* Snap.swift */,
			);
			path = models;
			sourceTree = "<group>";
		};
		BAA26567B7D6A39A1B1FB3CD /* Pods */ = {
			isa = PBXGroup;
			children = (
				6A173A91322CAE124675EF3F /* Pods-Snapit.debug.xcconfig */,
				EBDA8863C66C5B6F494BA508 /* Pods-Snapit.release.xcconfig */,
			);
			name = Pods;
			sourceTree = "<group>";
		};
		C03296FF793FA63FA22019A1 /* Frameworks */ = {
			isa = PBXGroup;
			children = (
				237431BFF2BB27F31A3B3EE3 /* Pods_Snapit.framework */,
			);
			name = Frameworks;
			sourceTree = "<group>";
		};
/* End PBXGroup section */

/* Begin PBXNativeTarget section */
		8F2452C1202D11B100001552 /* Snapit */ = {
			isa = PBXNativeTarget;
			buildConfigurationList = 8F2452D4202D11B200001552 /* Build configuration list for PBXNativeTarget "Snapit" */;
			buildPhases = (
				B324567753AFE05E232C10F7 /* [CP] Check Pods Manifest.lock */,
				8F2452BE202D11B100001552 /* Sources */,
				8F2452BF202D11B100001552 /* Frameworks */,
				8F2452C0202D11B100001552 /* Resources */,
				22A48737419D8BD34A054A6A /* [CP] Embed Pods Frameworks */,
				4D471708E2EA44E4A1EB0E27 /* [CP] Copy Pods Resources */,
			);
			buildRules = (
			);
			dependencies = (
			);
			name = Snapit;
			productName = Snapit;
			productReference = 8F2452C2202D11B100001552 /* Snapit.app */;
			productType = "com.apple.product-type.application";
		};
/* End PBXNativeTarget section */

/* Begin PBXProject section */
		8F2452BA202D11B100001552 /* Project object */ = {
			isa = PBXProject;
			attributes = {
				LastSwiftUpdateCheck = 0920;
				LastUpgradeCheck = 0920;
				ORGANIZATIONNAME = "Enrique Gachuz";
				TargetAttributes = {
					8F2452C1202D11B100001552 = {
						CreatedOnToolsVersion = 9.2;
						ProvisioningStyle = Automatic;
					};
				};
			};
			buildConfigurationList = 8F2452BD202D11B100001552 /* Build configuration list for PBXProject "Snapit" */;
			compatibilityVersion = "Xcode 8.0";
			developmentRegion = en;
			hasScannedForEncodings = 0;
			knownRegions = (
				en,
				Base,
			);
			mainGroup = 8F2452B9202D11B100001552;
			productRefGroup = 8F2452C3202D11B100001552 /* Products */;
			projectDirPath = "";
			projectRoot = "";
			targets = (
				8F2452C1202D11B100001552 /* Snapit */,
			);
		};
/* End PBXProject section */

/* Begin PBXResourcesBuildPhase section */
		8F2452C0202D11B100001552 /* Resources */ = {
			isa = PBXResourcesBuildPhase;
			buildActionMask = 2147483647;
			files = (
				8F2452D0202D11B200001552 /* LaunchScreen.storyboard in Resources */,
				8F2452D8202D160800001552 /* GoogleService-Info.plist in Resources */,
				8F2452CD202D11B200001552 /* Assets.xcassets in Resources */,
				8F2452CB202D11B200001552 /* Main.storyboard in Resources */,
			);
			runOnlyForDeploymentPostprocessing = 0;
		};
/* End PBXResourcesBuildPhase section */

/* Begin PBXShellScriptBuildPhase section */
		22A48737419D8BD34A054A6A /* [CP] Embed Pods Frameworks */ = {
			isa = PBXShellScriptBuildPhase;
			buildActionMask = 2147483647;
			files = (
			);
			inputPaths = (
				"${SRCROOT}/Pods/Target Support Files/Pods-Snapit/Pods-Snapit-frameworks.sh",
				"${BUILT_PRODUCTS_DIR}/GTMSessionFetcher/GTMSessionFetcher.framework",
				"${BUILT_PRODUCTS_DIR}/GoogleToolboxForMac/GoogleToolboxForMac.framework",
				"${BUILT_PRODUCTS_DIR}/SDWebImage/SDWebImage.framework",
				"${BUILT_PRODUCTS_DIR}/leveldb-library/leveldb.framework",
				"${BUILT_PRODUCTS_DIR}/nanopb/nanopb.framework",
			);
			name = "[CP] Embed Pods Frameworks";
			outputPaths = (
				"${TARGET_BUILD_DIR}/${FRAMEWORKS_FOLDER_PATH}/GTMSessionFetcher.framework",
				"${TARGET_BUILD_DIR}/${FRAMEWORKS_FOLDER_PATH}/GoogleToolboxForMac.framework",
				"${TARGET_BUILD_DIR}/${FRAMEWORKS_FOLDER_PATH}/SDWebImage.framework",
				"${TARGET_BUILD_DIR}/${FRAMEWORKS_FOLDER_PATH}/leveldb.framework",
				"${TARGET_BUILD_DIR}/${FRAMEWORKS_FOLDER_PATH}/nanopb.framework",
			);
			runOnlyForDeploymentPostprocessing = 0;
			shellPath = /bin/sh;
			shellScript = "\"${SRCROOT}/Pods/Target Support Files/Pods-Snapit/Pods-Snapit-frameworks.sh\"\n";
			showEnvVarsInLog = 0;
		};
		4D471708E2EA44E4A1EB0E27 /* [CP] Copy Pods Resources */ = {
			isa = PBXShellScriptBuildPhase;
			buildActionMask = 2147483647;
			files = (
			);
			inputPaths = (
			);
			name = "[CP] Copy Pods Resources";
			outputPaths = (
			);
			runOnlyForDeploymentPostprocessing = 0;
			shellPath = /bin/sh;
			shellScript = "\"${SRCROOT}/Pods/Target Support Files/Pods-Snapit/Pods-Snapit-resources.sh\"\n";
			showEnvVarsInLog = 0;
		};
		B324567753AFE05E232C10F7 /* [CP] Check Pods Manifest.lock */ = {
			isa = PBXShellScriptBuildPhase;
			buildActionMask = 2147483647;
			files = (
			);
			inputPaths = (
				"${PODS_PODFILE_DIR_PATH}/Podfile.lock",
				"${PODS_ROOT}/Manifest.lock",
			);
			name = "[CP] Check Pods Manifest.lock";
			outputPaths = (
				"$(DERIVED_FILE_DIR)/Pods-Snapit-checkManifestLockResult.txt",
			);
			runOnlyForDeploymentPostprocessing = 0;
			shellPath = /bin/sh;
			shellScript = "diff \"${PODS_PODFILE_DIR_PATH}/Podfile.lock\" \"${PODS_ROOT}/Manifest.lock\" > /dev/null\nif [ $? != 0 ] ; then\n    # print error to STDERR\n    echo \"error: The sandbox is not in sync with the Podfile.lock. Run 'pod install' or update your CocoaPods installation.\" >&2\n    exit 1\nfi\n# This output is used by Xcode 'outputs' to avoid re-running this script phase.\necho \"SUCCESS\" > \"${SCRIPT_OUTPUT_FILE_0}\"\n";
			showEnvVarsInLog = 0;
		};
/* End PBXShellScriptBuildPhase section */

/* Begin PBXSourcesBuildPhase section */
		8F2452BE202D11B100001552 /* Sources */ = {
			isa = PBXSourcesBuildPhase;
			buildActionMask = 2147483647;
			files = (
				8F2452C8202D11B200001552 /* SignViewController.swift in Sources */,
				8F3DA5A62030FD670007EA65 /* PictureViewController.swift in Sources */,
				8F3DA5A8203110890007EA65 /* SelectUserViewController.swift in Sources */,
				8F2452C6202D11B200001552 /* AppDelegate.swift in Sources */,
				8F09D1832050D6C000D5384B /* ViewSnapViewController.swift in Sources */,
				8FECB2322044E42000D9795F /* Snap.swift in Sources */,
				8FCBCA142040EB9900C09D50 /* User.swift in Sources */,
				8F2452DA202D270A00001552 /* SnapsViewController.swift in Sources */,
			);
			runOnlyForDeploymentPostprocessing = 0;
		};
/* End PBXSourcesBuildPhase section */

/* Begin PBXVariantGroup section */
		8F2452C9202D11B200001552 /* Main.storyboard */ = {
			isa = PBXVariantGroup;
			children = (
				8F2452CA202D11B200001552 /* Base */,
			);
			name = Main.storyboard;
			sourceTree = "<group>";
		};
		8F2452CE202D11B200001552 /* LaunchScreen.storyboard */ = {
			isa = PBXVariantGroup;
			children = (
				8F2452CF202D11B200001552 /* Base */,
			);
			name = LaunchScreen.storyboard;
			sourceTree = "<group>";
		};
/* End PBXVariantGroup section */

/* Begin XCBuildConfiguration section */
		8F2452D2202D11B200001552 /* Debug */ = {
			isa = XCBuildConfiguration;
			buildSettings = {
				ALWAYS_SEARCH_USER_PATHS = NO;
				CLANG_ANALYZER_NONNULL = YES;
				CLANG_ANALYZER_NUMBER_OBJECT_CONVERSION = YES_AGGRESSIVE;
				CLANG_CXX_LANGUAGE_STANDARD = "gnu++14";
				CLANG_CXX_LIBRARY = "libc++";
				CLANG_ENABLE_MODULES = YES;
				CLANG_ENABLE_OBJC_ARC = YES;
				CLANG_WARN_BLOCK_CAPTURE_AUTORELEASING = YES;
				CLANG_WARN_BOOL_CONVERSION = YES;
				CLANG_WARN_COMMA = YES;
				CLANG_WARN_CONSTANT_CONVERSION = YES;
				CLANG_WARN_DIRECT_OBJC_ISA_USAGE = YES_ERROR;
				CLANG_WARN_DOCUMENTATION_COMMENTS = YES;
				CLANG_WARN_EMPTY_BODY = YES;
				CLANG_WARN_ENUM_CONVERSION = YES;
				CLANG_WARN_INFINITE_RECURSION = YES;
				CLANG_WARN_INT_CONVERSION = YES;
				CLANG_WARN_NON_LITERAL_NULL_CONVERSION = YES;
				CLANG_WARN_OBJC_LITERAL_CONVERSION = YES;
				CLANG_WARN_OBJC_ROOT_CLASS = YES_ERROR;
				CLANG_WARN_RANGE_LOOP_ANALYSIS = YES;
				CLANG_WARN_STRICT_PROTOTYPES = YES;
				CLANG_WARN_SUSPICIOUS_MOVE = YES;
				CLANG_WARN_UNGUARDED_AVAILABILITY = YES_AGGRESSIVE;
				CLANG_WARN_UNREACHABLE_CODE = YES;
				CLANG_WARN__DUPLICATE_METHOD_MATCH = YES;
				CODE_SIGN_IDENTITY = "iPhone Developer";
				COPY_PHASE_STRIP = NO;
				DEBUG_INFORMATION_FORMAT = dwarf;
				ENABLE_STRICT_OBJC_MSGSEND = YES;
				ENABLE_TESTABILITY = YES;
				GCC_C_LANGUAGE_STANDARD = gnu11;
				GCC_DYNAMIC_NO_PIC = NO;
				GCC_NO_COMMON_BLOCKS = YES;
				GCC_OPTIMIZATION_LEVEL = 0;
				GCC_PREPROCESSOR_DEFINITIONS = (
					"DEBUG=1",
					"$(inherited)",
				);
				GCC_WARN_64_TO_32_BIT_CONVERSION = YES;
				GCC_WARN_ABOUT_RETURN_TYPE = YES_ERROR;
				GCC_WARN_UNDECLARED_SELECTOR = YES;
				GCC_WARN_UNINITIALIZED_AUTOS = YES_AGGRESSIVE;
				GCC_WARN_UNUSED_FUNCTION = YES;
				GCC_WARN_UNUSED_VARIABLE = YES;
				IPHONEOS_DEPLOYMENT_TARGET = 11.2;
				MTL_ENABLE_DEBUG_INFO = YES;
				ONLY_ACTIVE_ARCH = YES;
				SDKROOT = iphoneos;
				SWIFT_ACTIVE_COMPILATION_CONDITIONS = DEBUG;
				SWIFT_OPTIMIZATION_LEVEL = "-Onone";
			};
			name = Debug;
		};
		8F2452D3202D11B200001552 /* Release */ = {
			isa = XCBuildConfiguration;
			buildSettings = {
				ALWAYS_SEARCH_USER_PATHS = NO;
				CLANG_ANALYZER_NONNULL = YES;
				CLANG_ANALYZER_NUMBER_OBJECT_CONVERSION = YES_AGGRESSIVE;
				CLANG_CXX_LANGUAGE_STANDARD = "gnu++14";
				CLANG_CXX_LIBRARY = "libc++";
				CLANG_ENABLE_MODULES = YES;
				CLANG_ENABLE_OBJC_ARC = YES;
				CLANG_WARN_BLOCK_CAPTURE_AUTORELEASING = YES;
				CLANG_WARN_BOOL_CONVERSION = YES;
				CLANG_WARN_COMMA = YES;
				CLANG_WARN_CONSTANT_CONVERSION = YES;
				CLANG_WARN_DIRECT_OBJC_ISA_USAGE = YES_ERROR;
				CLANG_WARN_DOCUMENTATION_COMMENTS = YES;
				CLANG_WARN_EMPTY_BODY = YES;
				CLANG_WARN_ENUM_CONVERSION = YES;
				CLANG_WARN_INFINITE_RECURSION = YES;
				CLANG_WARN_INT_CONVERSION = YES;
				CLANG_WARN_NON_LITERAL_NULL_CONVERSION = YES;
				CLANG_WARN_OBJC_LITERAL_CONVERSION = YES;
				CLANG_WARN_OBJC_ROOT_CLASS = YES_ERROR;
				CLANG_WARN_RANGE_LOOP_ANALYSIS = YES;
				CLANG_WARN_STRICT_PROTOTYPES = YES;
				CLANG_WARN_SUSPICIOUS_MOVE = YES;
				CLANG_WARN_UNGUARDED_AVAILABILITY = YES_AGGRESSIVE;
				CLANG_WARN_UNREACHABLE_CODE = YES;
				CLANG_WARN__DUPLICATE_METHOD_MATCH = YES;
				CODE_SIGN_IDENTITY = "iPhone Developer";
				COPY_PHASE_STRIP = NO;
				DEBUG_INFORMATION_FORMAT = "dwarf-with-dsym";
				ENABLE_NS_ASSERTIONS = NO;
				ENABLE_STRICT_OBJC_MSGSEND = YES;
				GCC_C_LANGUAGE_STANDARD = gnu11;
				GCC_NO_COMMON_BLOCKS = YES;
				GCC_WARN_64_TO_32_BIT_CONVERSION = YES;
				GCC_WARN_ABOUT_RETURN_TYPE = YES_ERROR;
				GCC_WARN_UNDECLARED_SELECTOR = YES;
				GCC_WARN_UNINITIALIZED_AUTOS = YES_AGGRESSIVE;
				GCC_WARN_UNUSED_FUNCTION = YES;
				GCC_WARN_UNUSED_VARIABLE = YES;
				IPHONEOS_DEPLOYMENT_TARGET = 11.2;
				MTL_ENABLE_DEBUG_INFO = NO;
				SDKROOT = iphoneos;
				SWIFT_OPTIMIZATION_LEVEL = "-Owholemodule";
				VALIDATE_PRODUCT = YES;
			};
			name = Release;
		};
		8F2452D5202D11B200001552 /* Debug */ = {
			isa = XCBuildConfiguration;
			baseConfigurationReference = 6A173A91322CAE124675EF3F /* Pods-Snapit.debug.xcconfig */;
			buildSettings = {
				ASSETCATALOG_COMPILER_APPICON_NAME = AppIcon;
				CODE_SIGN_STYLE = Automatic;
				DEVELOPMENT_TEAM = MY2HHU8FFC;
				INFOPLIST_FILE = Snapit/Info.plist;
				LD_RUNPATH_SEARCH_PATHS = "$(inherited) @executable_path/Frameworks";
				PRODUCT_BUNDLE_IDENTIFIER = com.negoapps.Snapit;
				PRODUCT_NAME = "$(TARGET_NAME)";
				SWIFT_VERSION = 4.0;
				TARGETED_DEVICE_FAMILY = "1,2";
			};
			name = Debug;
		};
		8F2452D6202D11B200001552 /* Release */ = {
			isa = XCBuildConfiguration;
			baseConfigurationReference = EBDA8863C66C5B6F494BA508 /* Pods-Snapit.release.xcconfig */;
			buildSettings = {
				ASSETCATALOG_COMPILER_APPICON_NAME = AppIcon;
				CODE_SIGN_STYLE = Automatic;
				DEVELOPMENT_TEAM = MY2HHU8FFC;
				INFOPLIST_FILE = Snapit/Info.plist;
				LD_RUNPATH_SEARCH_PATHS = "$(inherited) @executable_path/Frameworks";
				PRODUCT_BUNDLE_IDENTIFIER = com.negoapps.Snapit;
				PRODUCT_NAME = "$(TARGET_NAME)";
				SWIFT_VERSION = 4.0;
				TARGETED_DEVICE_FAMILY = "1,2";
			};
			name = Release;
		};
/* End XCBuildConfiguration section */

/* Begin XCConfigurationList section */
		8F2452BD202D11B100001552 /* Build configuration list for PBXProject "Snapit" */ = {
			isa = XCConfigurationList;
			buildConfigurations = (
				8F2452D2202D11B200001552 /* Debug */,
				8F2452D3202D11B200001552 /* Release */,
			);
			defaultConfigurationIsVisible = 0;
			defaultConfigurationName = Release;
		};
		8F2452D4202D11B200001552 /* Build configuration list for PBXNativeTarget "Snapit" */ = {
			isa = XCConfigurationList;
			buildConfigurations = (
				8F2452D5202D11B200001552 /* Debug */,
				8F2452D6202D11B200001552 /* Release */,
			);
			defaultConfigurationIsVisible = 0;
			defaultConfigurationName = Release;
		};
/* End XCConfigurationList section */
	};
	rootObject = 8F2452BA202D11B100001552 /* Project object */;
}
